
Microsoft Visual Studio Solution File, Format Version 12.00
# Visual Studio Version 16
VisualStudioVersion = 16.0.809.0
MinimumVisualStudioVersion = 10.0.40219.1
Project("{9A19103F-16F7-4668-BE54-9A1E7A4F7556}") = "GraphicsControls", "GraphicsControls\GraphicsControls.csproj", "{474A33AE-06A4-4219-9545-17751EBF3F84}"
EndProject
Project("{2150E333-8FDC-42A3-9474-1A3956D46DE8}") = "Library", "Library", "{4F0017DB-8A18-4153-A129-782B29DECF51}"
EndProject
Project("{2150E333-8FDC-42A3-9474-1A3956D46DE8}") = "Sample", "Sample", "{465D03D3-BA73-4E52-BBEA-02DC54647BC6}"
EndProject
Project("{9A19103F-16F7-4668-BE54-9A1E7A4F7556}") = "GraphicsControls.Sample", "GraphicsControls.Sample\GraphicsControls.Sample\GraphicsControls.Sample.csproj", "{98B19A51-17D5-46DA-9A99-F61AE7B7074C}"
EndProject
Project("{9A19103F-16F7-4668-BE54-9A1E7A4F7556}") = "GraphicsControls.Sample.WinUI", "GraphicsControls.Sample\GraphicsControls.Sample.WinUI\GraphicsControls.Sample.WinUI.csproj", "{54F0898A-FF2C-4565-99EA-D9E16476254A}"
EndProject
Global
	GlobalSection(SolutionConfigurationPlatforms) = preSolution
		Debug|Any CPU = Debug|Any CPU
		Debug|iPhone = Debug|iPhone
		Debug|iPhoneSimulator = Debug|iPhoneSimulator
		Release|Any CPU = Release|Any CPU
		Release|iPhone = Release|iPhone
		Release|iPhoneSimulator = Release|iPhoneSimulator
	EndGlobalSection
	GlobalSection(ProjectConfigurationPlatforms) = postSolution
		{474A33AE-06A4-4219-9545-17751EBF3F84}.Debug|Any CPU.ActiveCfg = Debug|Any CPU
		{474A33AE-06A4-4219-9545-17751EBF3F84}.Debug|Any CPU.Build.0 = Debug|Any CPU
		{474A33AE-06A4-4219-9545-17751EBF3F84}.Debug|iPhone.ActiveCfg = Debug|Any CPU
		{474A33AE-06A4-4219-9545-17751EBF3F84}.Debug|iPhone.Build.0 = Debug|Any CPU
		{474A33AE-06A4-4219-9545-17751EBF3F84}.Debug|iPhoneSimulator.ActiveCfg = Debug|Any CPU
		{474A33AE-06A4-4219-9545-17751EBF3F84}.Debug|iPhoneSimulator.Build.0 = Debug|Any CPU
		{474A33AE-06A4-4219-9545-17751EBF3F84}.Release|Any CPU.ActiveCfg = Release|Any CPU
		{474A33AE-06A4-4219-9545-17751EBF3F84}.Release|Any CPU.Build.0 = Release|Any CPU
		{474A33AE-06A4-4219-9545-17751EBF3F84}.Release|iPhone.ActiveCfg = Release|Any CPU
		{474A33AE-06A4-4219-9545-17751EBF3F84}.Release|iPhone.Build.0 = Release|Any CPU
		{474A33AE-06A4-4219-9545-17751EBF3F84}.Release|iPhoneSimulator.ActiveCfg = Release|Any CPU
		{474A33AE-06A4-4219-9545-17751EBF3F84}.Release|iPhoneSimulator.Build.0 = Release|Any CPU
		{98B19A51-17D5-46DA-9A99-F61AE7B7074C}.Debug|Any CPU.ActiveCfg = Debug|Any CPU
		{98B19A51-17D5-46DA-9A99-F61AE7B7074C}.Debug|Any CPU.Build.0 = Debug|Any CPU
		{98B19A51-17D5-46DA-9A99-F61AE7B7074C}.Debug|Any CPU.Deploy.0 = Debug|Any CPU
		{98B19A51-17D5-46DA-9A99-F61AE7B7074C}.Debug|iPhone.ActiveCfg = Debug|Any CPU
		{98B19A51-17D5-46DA-9A99-F61AE7B7074C}.Debug|iPhone.Build.0 = Debug|Any CPU
		{98B19A51-17D5-46DA-9A99-F61AE7B7074C}.Debug|iPhone.Deploy.0 = Debug|Any CPU
		{98B19A51-17D5-46DA-9A99-F61AE7B7074C}.Debug|iPhoneSimulator.ActiveCfg = Debug|Any CPU
		{98B19A51-17D5-46DA-9A99-F61AE7B7074C}.Debug|iPhoneSimulator.Build.0 = Debug|Any CPU
		{98B19A51-17D5-46DA-9A99-F61AE7B7074C}.Debug|iPhoneSimulator.Deploy.0 = Debug|Any CPU
		{98B19A51-17D5-46DA-9A99-F61AE7B7074C}.Release|Any CPU.ActiveCfg = Release|Any CPU
		{98B19A51-17D5-46DA-9A99-F61AE7B7074C}.Release|Any CPU.Build.0 = Release|Any CPU
		{98B19A51-17D5-46DA-9A99-F61AE7B7074C}.Release|Any CPU.Deploy.0 = Release|Any CPU
		{98B19A51-17D5-46DA-9A99-F61AE7B7074C}.Release|iPhone.ActiveCfg = Release|Any CPU
		{98B19A51-17D5-46DA-9A99-F61AE7B7074C}.Release|iPhone.Build.0 = Release|Any CPU
		{98B19A51-17D5-46DA-9A99-F61AE7B7074C}.Release|iPhone.Deploy.0 = Release|Any CPU
		{98B19A51-17D5-46DA-9A99-F61AE7B7074C}.Release|iPhoneSimulator.ActiveCfg = Release|Any CPU
		{98B19A51-17D5-46DA-9A99-F61AE7B7074C}.Release|iPhoneSimulator.Build.0 = Release|Any CPU
		{98B19A51-17D5-46DA-9A99-F61AE7B7074C}.Release|iPhoneSimulator.Deploy.0 = Release|Any CPU
		{54F0898A-FF2C-4565-99EA-D9E16476254A}.Debug|Any CPU.ActiveCfg = Debug|Any CPU
		{54F0898A-FF2C-4565-99EA-D9E16476254A}.Debug|Any CPU.Build.0 = Debug|Any CPU
		{54F0898A-FF2C-4565-99EA-D9E16476254A}.Debug|Any CPU.Deploy.0 = Debug|Any CPU
		{54F0898A-FF2C-4565-99EA-D9E16476254A}.Debug|iPhone.ActiveCfg = Debug|Any CPU
		{54F0898A-FF2C-4565-99EA-D9E16476254A}.Debug|iPhone.Build.0 = Debug|Any CPU
		{54F0898A-FF2C-4565-99EA-D9E16476254A}.Debug|iPhoneSimulator.ActiveCfg = Debug|Any CPU
		{54F0898A-FF2C-4565-99EA-D9E16476254A}.Debug|iPhoneSimulator.Build.0 = Debug|Any CPU
		{54F0898A-FF2C-4565-99EA-D9E16476254A}.Release|Any CPU.ActiveCfg = Release|Any CPU
		{54F0898A-FF2C-4565-99EA-D9E16476254A}.Release|Any CPU.Build.0 = Release|Any CPU
		{54F0898A-FF2C-4565-99EA-D9E16476254A}.Release|iPhone.ActiveCfg = Release|Any CPU
		{54F0898A-FF2C-4565-99EA-D9E16476254A}.Release|iPhone.Build.0 = Release|Any CPU
		{54F0898A-FF2C-4565-99EA-D9E16476254A}.Release|iPhoneSimulator.ActiveCfg = Release|Any CPU
		{54F0898A-FF2C-4565-99EA-D9E16476254A}.Release|iPhoneSimulator.Build.0 = Release|Any CPU
	EndGlobalSection
	GlobalSection(SolutionProperties) = preSolution
		HideSolutionNode = FALSE
	EndGlobalSection
	GlobalSection(NestedProjects) = preSolution
		{474A33AE-06A4-4219-9545-17751EBF3F84} = {4F0017DB-8A18-4153-A129-782B29DECF51}
		{98B19A51-17D5-46DA-9A99-F61AE7B7074C} = {465D03D3-BA73-4E52-BBEA-02DC54647BC6}
		{54F0898A-FF2C-4565-99EA-D9E16476254A} = {465D03D3-BA73-4E52-BBEA-02DC54647BC6}
	EndGlobalSection
	GlobalSection(ExtensibilityGlobals) = postSolution
		SolutionGuid = {475B4FFA-17B6-449C-9D09-DE4E2B0D2F4B}
	EndGlobalSection
EndGlobal
