
Microsoft Visual Studio Solution File, Format Version 12.00
# Visual Studio Version 16
VisualStudioVersion = 16.0.809.0
MinimumVisualStudioVersion = 10.0.40219.1
Project("{FAE04EC0-301F-11D3-BF4B-00C04F79EFBC}") = "GraphicsControls", "GraphicsControls\GraphicsControls.csproj", "{474A33AE-06A4-4219-9545-17751EBF3F84}"
EndProject
Project("{2150E333-8FDC-42A3-9474-1A3956D46DE8}") = "Library", "Library", "{4F0017DB-8A18-4153-A129-782B29DECF51}"
EndProject
Project("{2150E333-8FDC-42A3-9474-1A3956D46DE8}") = "Sample", "Sample", "{465D03D3-BA73-4E52-BBEA-02DC54647BC6}"
EndProject
Project("{FAE04EC0-301F-11D3-BF4B-00C04F79EFBC}") = "GraphicsControls.Sample.iOS", "GraphicsControls.Sample.iOS\GraphicsControls.Sample.iOS.csproj", "{27FAE6FC-C7E2-4B63-B713-906A59A0C0DF}"
EndProject
Project("{FAE04EC0-301F-11D3-BF4B-00C04F79EFBC}") = "GraphicsControls.Sample", "GraphicsControls.Sample\GraphicsControls.Sample.csproj", "{41B421AF-5731-4B8F-BEDE-96155879D929}"
EndProject
Project("{FAE04EC0-301F-11D3-BF4B-00C04F79EFBC}") = "GraphicsControls.Sample.macOS", "GraphicsControls.Sample.macOS\GraphicsControls.Sample.macOS.csproj", "{C351DAA7-20C0-474D-B610-F00C8BE5B0F1}"
EndProject
Project("{FAE04EC0-301F-11D3-BF4B-00C04F79EFBC}") = "GraphicsControls.Sample.Android", "GraphicsControls.Sample.Android\GraphicsControls.Sample.Android.csproj", "{2EE53371-EFD9-4304-A231-93E6F75DBC81}"
EndProject
Project("{2150E333-8FDC-42A3-9474-1A3956D46DE8}") = "Tests", "Tests", "{A6CE0398-E304-48E5-955B-DA2F77D6B940}"
EndProject
Project("{FAE04EC0-301F-11D3-BF4B-00C04F79EFBC}") = "GraphicsControls.Tests", "GraphicsControls.Tests\GraphicsControls.Tests.csproj", "{8BBE3D89-DFDB-489F-BA5F-7ED04E724D8A}"
EndProject
Global
	GlobalSection(SolutionConfigurationPlatforms) = preSolution
		Debug|Any CPU = Debug|Any CPU
		Release|Any CPU = Release|Any CPU
		Debug|iPhoneSimulator = Debug|iPhoneSimulator
		Release|iPhoneSimulator = Release|iPhoneSimulator
		Debug|iPhone = Debug|iPhone
		Release|iPhone = Release|iPhone
	EndGlobalSection
	GlobalSection(ProjectConfigurationPlatforms) = postSolution
		{474A33AE-06A4-4219-9545-17751EBF3F84}.Debug|Any CPU.ActiveCfg = Debug|Any CPU
		{474A33AE-06A4-4219-9545-17751EBF3F84}.Debug|Any CPU.Build.0 = Debug|Any CPU
		{474A33AE-06A4-4219-9545-17751EBF3F84}.Release|Any CPU.ActiveCfg = Release|Any CPU
		{474A33AE-06A4-4219-9545-17751EBF3F84}.Release|Any CPU.Build.0 = Release|Any CPU
		{474A33AE-06A4-4219-9545-17751EBF3F84}.Debug|iPhoneSimulator.ActiveCfg = Debug|Any CPU
		{474A33AE-06A4-4219-9545-17751EBF3F84}.Debug|iPhoneSimulator.Build.0 = Debug|Any CPU
		{474A33AE-06A4-4219-9545-17751EBF3F84}.Release|iPhoneSimulator.ActiveCfg = Release|Any CPU
		{474A33AE-06A4-4219-9545-17751EBF3F84}.Release|iPhoneSimulator.Build.0 = Release|Any CPU
		{474A33AE-06A4-4219-9545-17751EBF3F84}.Debug|iPhone.ActiveCfg = Debug|Any CPU
		{474A33AE-06A4-4219-9545-17751EBF3F84}.Debug|iPhone.Build.0 = Debug|Any CPU
		{474A33AE-06A4-4219-9545-17751EBF3F84}.Release|iPhone.ActiveCfg = Release|Any CPU
		{474A33AE-06A4-4219-9545-17751EBF3F84}.Release|iPhone.Build.0 = Release|Any CPU
		{27FAE6FC-C7E2-4B63-B713-906A59A0C0DF}.Debug|Any CPU.ActiveCfg = Debug|iPhoneSimulator
		{27FAE6FC-C7E2-4B63-B713-906A59A0C0DF}.Debug|Any CPU.Build.0 = Debug|iPhoneSimulator
		{27FAE6FC-C7E2-4B63-B713-906A59A0C0DF}.Release|Any CPU.ActiveCfg = Release|iPhoneSimulator
		{27FAE6FC-C7E2-4B63-B713-906A59A0C0DF}.Release|Any CPU.Build.0 = Release|iPhoneSimulator
		{27FAE6FC-C7E2-4B63-B713-906A59A0C0DF}.Debug|iPhoneSimulator.ActiveCfg = Debug|iPhoneSimulator
		{27FAE6FC-C7E2-4B63-B713-906A59A0C0DF}.Debug|iPhoneSimulator.Build.0 = Debug|iPhoneSimulator
		{27FAE6FC-C7E2-4B63-B713-906A59A0C0DF}.Release|iPhoneSimulator.ActiveCfg = Release|iPhoneSimulator
		{27FAE6FC-C7E2-4B63-B713-906A59A0C0DF}.Release|iPhoneSimulator.Build.0 = Release|iPhoneSimulator
		{27FAE6FC-C7E2-4B63-B713-906A59A0C0DF}.Debug|iPhone.ActiveCfg = Debug|iPhone
		{27FAE6FC-C7E2-4B63-B713-906A59A0C0DF}.Debug|iPhone.Build.0 = Debug|iPhone
		{27FAE6FC-C7E2-4B63-B713-906A59A0C0DF}.Release|iPhone.ActiveCfg = Release|iPhone
		{27FAE6FC-C7E2-4B63-B713-906A59A0C0DF}.Release|iPhone.Build.0 = Release|iPhone
		{41B421AF-5731-4B8F-BEDE-96155879D929}.Debug|Any CPU.ActiveCfg = Debug|Any CPU
		{41B421AF-5731-4B8F-BEDE-96155879D929}.Debug|Any CPU.Build.0 = Debug|Any CPU
		{41B421AF-5731-4B8F-BEDE-96155879D929}.Release|Any CPU.ActiveCfg = Release|Any CPU
		{41B421AF-5731-4B8F-BEDE-96155879D929}.Release|Any CPU.Build.0 = Release|Any CPU
		{41B421AF-5731-4B8F-BEDE-96155879D929}.Debug|iPhoneSimulator.ActiveCfg = Debug|Any CPU
		{41B421AF-5731-4B8F-BEDE-96155879D929}.Debug|iPhoneSimulator.Build.0 = Debug|Any CPU
		{41B421AF-5731-4B8F-BEDE-96155879D929}.Release|iPhoneSimulator.ActiveCfg = Release|Any CPU
		{41B421AF-5731-4B8F-BEDE-96155879D929}.Release|iPhoneSimulator.Build.0 = Release|Any CPU
		{41B421AF-5731-4B8F-BEDE-96155879D929}.Debug|iPhone.ActiveCfg = Debug|Any CPU
		{41B421AF-5731-4B8F-BEDE-96155879D929}.Debug|iPhone.Build.0 = Debug|Any CPU
		{41B421AF-5731-4B8F-BEDE-96155879D929}.Release|iPhone.ActiveCfg = Release|Any CPU
		{41B421AF-5731-4B8F-BEDE-96155879D929}.Release|iPhone.Build.0 = Release|Any CPU
		{C351DAA7-20C0-474D-B610-F00C8BE5B0F1}.Debug|Any CPU.ActiveCfg = Debug|Any CPU
		{C351DAA7-20C0-474D-B610-F00C8BE5B0F1}.Debug|Any CPU.Build.0 = Debug|Any CPU
		{C351DAA7-20C0-474D-B610-F00C8BE5B0F1}.Release|Any CPU.ActiveCfg = Release|Any CPU
		{C351DAA7-20C0-474D-B610-F00C8BE5B0F1}.Release|Any CPU.Build.0 = Release|Any CPU
		{C351DAA7-20C0-474D-B610-F00C8BE5B0F1}.Debug|iPhoneSimulator.ActiveCfg = Debug|Any CPU
		{C351DAA7-20C0-474D-B610-F00C8BE5B0F1}.Debug|iPhoneSimulator.Build.0 = Debug|Any CPU
		{C351DAA7-20C0-474D-B610-F00C8BE5B0F1}.Release|iPhoneSimulator.ActiveCfg = Release|Any CPU
		{C351DAA7-20C0-474D-B610-F00C8BE5B0F1}.Release|iPhoneSimulator.Build.0 = Release|Any CPU
		{C351DAA7-20C0-474D-B610-F00C8BE5B0F1}.Debug|iPhone.ActiveCfg = Debug|Any CPU
		{C351DAA7-20C0-474D-B610-F00C8BE5B0F1}.Debug|iPhone.Build.0 = Debug|Any CPU
		{C351DAA7-20C0-474D-B610-F00C8BE5B0F1}.Release|iPhone.ActiveCfg = Release|Any CPU
		{C351DAA7-20C0-474D-B610-F00C8BE5B0F1}.Release|iPhone.Build.0 = Release|Any CPU
		{2EE53371-EFD9-4304-A231-93E6F75DBC81}.Debug|Any CPU.ActiveCfg = Debug|Any CPU
		{2EE53371-EFD9-4304-A231-93E6F75DBC81}.Debug|Any CPU.Build.0 = Debug|Any CPU
		{2EE53371-EFD9-4304-A231-93E6F75DBC81}.Release|Any CPU.ActiveCfg = Release|Any CPU
		{2EE53371-EFD9-4304-A231-93E6F75DBC81}.Release|Any CPU.Build.0 = Release|Any CPU
		{2EE53371-EFD9-4304-A231-93E6F75DBC81}.Debug|iPhoneSimulator.ActiveCfg = Debug|Any CPU
		{2EE53371-EFD9-4304-A231-93E6F75DBC81}.Debug|iPhoneSimulator.Build.0 = Debug|Any CPU
		{2EE53371-EFD9-4304-A231-93E6F75DBC81}.Release|iPhoneSimulator.ActiveCfg = Release|Any CPU
		{2EE53371-EFD9-4304-A231-93E6F75DBC81}.Release|iPhoneSimulator.Build.0 = Release|Any CPU
		{2EE53371-EFD9-4304-A231-93E6F75DBC81}.Debug|iPhone.ActiveCfg = Debug|Any CPU
		{2EE53371-EFD9-4304-A231-93E6F75DBC81}.Debug|iPhone.Build.0 = Debug|Any CPU
		{2EE53371-EFD9-4304-A231-93E6F75DBC81}.Release|iPhone.ActiveCfg = Release|Any CPU
		{2EE53371-EFD9-4304-A231-93E6F75DBC81}.Release|iPhone.Build.0 = Release|Any CPU
		{8BBE3D89-DFDB-489F-BA5F-7ED04E724D8A}.Debug|Any CPU.ActiveCfg = Debug|Any CPU
		{8BBE3D89-DFDB-489F-BA5F-7ED04E724D8A}.Debug|Any CPU.Build.0 = Debug|Any CPU
		{8BBE3D89-DFDB-489F-BA5F-7ED04E724D8A}.Release|Any CPU.ActiveCfg = Release|Any CPU
		{8BBE3D89-DFDB-489F-BA5F-7ED04E724D8A}.Release|Any CPU.Build.0 = Release|Any CPU
		{8BBE3D89-DFDB-489F-BA5F-7ED04E724D8A}.Debug|iPhoneSimulator.ActiveCfg = Debug|Any CPU
		{8BBE3D89-DFDB-489F-BA5F-7ED04E724D8A}.Debug|iPhoneSimulator.Build.0 = Debug|Any CPU
		{8BBE3D89-DFDB-489F-BA5F-7ED04E724D8A}.Release|iPhoneSimulator.ActiveCfg = Release|Any CPU
		{8BBE3D89-DFDB-489F-BA5F-7ED04E724D8A}.Release|iPhoneSimulator.Build.0 = Release|Any CPU
		{8BBE3D89-DFDB-489F-BA5F-7ED04E724D8A}.Debug|iPhone.ActiveCfg = Debug|Any CPU
		{8BBE3D89-DFDB-489F-BA5F-7ED04E724D8A}.Debug|iPhone.Build.0 = Debug|Any CPU
		{8BBE3D89-DFDB-489F-BA5F-7ED04E724D8A}.Release|iPhone.ActiveCfg = Release|Any CPU
		{8BBE3D89-DFDB-489F-BA5F-7ED04E724D8A}.Release|iPhone.Build.0 = Release|Any CPU
	EndGlobalSection
	GlobalSection(SolutionProperties) = preSolution
		HideSolutionNode = FALSE
	EndGlobalSection
	GlobalSection(ExtensibilityGlobals) = postSolution
		SolutionGuid = {475B4FFA-17B6-449C-9D09-DE4E2B0D2F4B}
	EndGlobalSection
	GlobalSection(NestedProjects) = preSolution
		{474A33AE-06A4-4219-9545-17751EBF3F84} = {4F0017DB-8A18-4153-A129-782B29DECF51}
		{27FAE6FC-C7E2-4B63-B713-906A59A0C0DF} = {465D03D3-BA73-4E52-BBEA-02DC54647BC6}
		{41B421AF-5731-4B8F-BEDE-96155879D929} = {465D03D3-BA73-4E52-BBEA-02DC54647BC6}
		{C351DAA7-20C0-474D-B610-F00C8BE5B0F1} = {465D03D3-BA73-4E52-BBEA-02DC54647BC6}
		{2EE53371-EFD9-4304-A231-93E6F75DBC81} = {465D03D3-BA73-4E52-BBEA-02DC54647BC6}
		{8BBE3D89-DFDB-489F-BA5F-7ED04E724D8A} = {A6CE0398-E304-48E5-955B-DA2F77D6B940}
	EndGlobalSection
EndGlobal
